
Microsoft Visual Studio Solution File, Format Version 12.00
# Visual Studio Version 17
VisualStudioVersion = 17.0.31903.59
MinimumVisualStudioVersion = 10.0.40219.1
Project("{FAE04EC0-301F-11D3-BF4B-00C04F79EFBC}") = "PulsePal.Core", "PulsePal.Core\PulsePal.Core.csproj", "{31337370-E823-4AEF-9BA9-C3BDE77F35C1}"
EndProject
Project("{FAE04EC0-301F-11D3-BF4B-00C04F79EFBC}") = "PulsePal.Infrastructure", "PulsePal.Infrastructure\PulsePal.Infrastructure.csproj", "{09005F9E-6E77-4993-BAAF-9BC53BB0D28D}"
EndProject
Project("{FAE04EC0-301F-11D3-BF4B-00C04F79EFBC}") = "PulsePal.Tests", "PulsePal.Tests\PulsePal.Tests.csproj", "{7505F73F-E7CE-458B-AE41-388CBCE0EE72}"
EndProject
Project("{FAE04EC0-301F-11D3-BF4B-00C04F79EFBC}") = "PulsePal.App", "PulsePal.App\PulsePal.App.csproj", "{83F55BC9-8547-4EAF-90AD-81337EE06CA1}"
EndProject
Project("{FAE04EC0-301F-11D3-BF4B-00C04F79EFBC}") = "PulsePal.Connected", "PulsePal.Connected\PulsePal.Connected.csproj", "{5F8B3F0D-A8E9-4B24-8EE6-CE68DD3094D0}"
EndProject
Project("{FAE04EC0-301F-11D3-BF4B-00C04F79EFBC}") = "PulsePal.Bridge", "PulsePal.Bridge\PulsePal.Bridge.csproj", "{5EC0D1ED-F0F3-456E-BD66-28F9741923AB}"
EndProject
Global
	GlobalSection(SolutionConfigurationPlatforms) = preSolution
		Debug|Any CPU = Debug|Any CPU
		Debug|x64 = Debug|x64
		Debug|x86 = Debug|x86
		Release|Any CPU = Release|Any CPU
		Release|x64 = Release|x64
		Release|x86 = Release|x86
	EndGlobalSection
	GlobalSection(ProjectConfigurationPlatforms) = postSolution
		{31337370-E823-4AEF-9BA9-C3BDE77F35C1}.Debug|Any CPU.ActiveCfg = Debug|Any CPU
		{31337370-E823-4AEF-9BA9-C3BDE77F35C1}.Debug|Any CPU.Build.0 = Debug|Any CPU
		{31337370-E823-4AEF-9BA9-C3BDE77F35C1}.Debug|x64.ActiveCfg = Debug|Any CPU
		{31337370-E823-4AEF-9BA9-C3BDE77F35C1}.Debug|x64.Build.0 = Debug|Any CPU
		{31337370-E823-4AEF-9BA9-C3BDE77F35C1}.Debug|x86.ActiveCfg = Debug|Any CPU
		{31337370-E823-4AEF-9BA9-C3BDE77F35C1}.Debug|x86.Build.0 = Debug|Any CPU
		{31337370-E823-4AEF-9BA9-C3BDE77F35C1}.Release|Any CPU.ActiveCfg = Release|Any CPU
		{31337370-E823-4AEF-9BA9-C3BDE77F35C1}.Release|Any CPU.Build.0 = Release|Any CPU
		{31337370-E823-4AEF-9BA9-C3BDE77F35C1}.Release|x64.ActiveCfg = Release|Any CPU
		{31337370-E823-4AEF-9BA9-C3BDE77F35C1}.Release|x64.Build.0 = Release|Any CPU
		{31337370-E823-4AEF-9BA9-C3BDE77F35C1}.Release|x86.ActiveCfg = Release|Any CPU
		{31337370-E823-4AEF-9BA9-C3BDE77F35C1}.Release|x86.Build.0 = Release|Any CPU
		{09005F9E-6E77-4993-BAAF-9BC53BB0D28D}.Debug|Any CPU.ActiveCfg = Debug|Any CPU
		{09005F9E-6E77-4993-BAAF-9BC53BB0D28D}.Debug|Any CPU.Build.0 = Debug|Any CPU
		{09005F9E-6E77-4993-BAAF-9BC53BB0D28D}.Debug|x64.ActiveCfg = Debug|Any CPU
		{09005F9E-6E77-4993-BAAF-9BC53BB0D28D}.Debug|x64.Build.0 = Debug|Any CPU
		{09005F9E-6E77-4993-BAAF-9BC53BB0D28D}.Debug|x86.ActiveCfg = Debug|Any CPU
		{09005F9E-6E77-4993-BAAF-9BC53BB0D28D}.Debug|x86.Build.0 = Debug|Any CPU
		{09005F9E-6E77-4993-BAAF-9BC53BB0D28D}.Release|Any CPU.ActiveCfg = Release|Any CPU
		{09005F9E-6E77-4993-BAAF-9BC53BB0D28D}.Release|Any CPU.Build.0 = Release|Any CPU
		{09005F9E-6E77-4993-BAAF-9BC53BB0D28D}.Release|x64.ActiveCfg = Release|Any CPU
		{09005F9E-6E77-4993-BAAF-9BC53BB0D28D}.Release|x64.Build.0 = Release|Any CPU
		{09005F9E-6E77-4993-BAAF-9BC53BB0D28D}.Release|x86.ActiveCfg = Release|Any CPU
		{09005F9E-6E77-4993-BAAF-9BC53BB0D28D}.Release|x86.Build.0 = Release|Any CPU
		{7505F73F-E7CE-458B-AE41-388CBCE0EE72}.Debug|Any CPU.ActiveCfg = Debug|Any CPU
		{7505F73F-E7CE-458B-AE41-388CBCE0EE72}.Debug|Any CPU.Build.0 = Debug|Any CPU
		{7505F73F-E7CE-458B-AE41-388CBCE0EE72}.Debug|x64.ActiveCfg = Debug|Any CPU
		{7505F73F-E7CE-458B-AE41-388CBCE0EE72}.Debug|x64.Build.0 = Debug|Any CPU
		{7505F73F-E7CE-458B-AE41-388CBCE0EE72}.Debug|x86.ActiveCfg = Debug|Any CPU
		{7505F73F-E7CE-458B-AE41-388CBCE0EE72}.Debug|x86.Build.0 = Debug|Any CPU
		{7505F73F-E7CE-458B-AE41-388CBCE0EE72}.Release|Any CPU.ActiveCfg = Release|Any CPU
		{7505F73F-E7CE-458B-AE41-388CBCE0EE72}.Release|Any CPU.Build.0 = Release|Any CPU
		{7505F73F-E7CE-458B-AE41-388CBCE0EE72}.Release|x64.ActiveCfg = Release|Any CPU
		{7505F73F-E7CE-458B-AE41-388CBCE0EE72}.Release|x64.Build.0 = Release|Any CPU
		{7505F73F-E7CE-458B-AE41-388CBCE0EE72}.Release|x86.ActiveCfg = Release|Any CPU
		{7505F73F-E7CE-458B-AE41-388CBCE0EE72}.Release|x86.Build.0 = Release|Any CPU
		{83F55BC9-8547-4EAF-90AD-81337EE06CA1}.Debug|Any CPU.ActiveCfg = Debug|x64
		{83F55BC9-8547-4EAF-90AD-81337EE06CA1}.Debug|Any CPU.Build.0 = Debug|x64
		{83F55BC9-8547-4EAF-90AD-81337EE06CA1}.Debug|x64.ActiveCfg = Debug|x64
		{83F55BC9-8547-4EAF-90AD-81337EE06CA1}.Debug|x64.Build.0 = Debug|x64
		{83F55BC9-8547-4EAF-90AD-81337EE06CA1}.Debug|x86.ActiveCfg = Debug|x64
		{83F55BC9-8547-4EAF-90AD-81337EE06CA1}.Debug|x86.Build.0 = Debug|x64
		{83F55BC9-8547-4EAF-90AD-81337EE06CA1}.Release|Any CPU.ActiveCfg = Release|x64
		{83F55BC9-8547-4EAF-90AD-81337EE06CA1}.Release|Any CPU.Build.0 = Release|x64
		{83F55BC9-8547-4EAF-90AD-81337EE06CA1}.Release|x64.ActiveCfg = Release|x64
		{83F55BC9-8547-4EAF-90AD-81337EE06CA1}.Release|x64.Build.0 = Release|x64
		{83F55BC9-8547-4EAF-90AD-81337EE06CA1}.Release|x86.ActiveCfg = Release|x64
		{83F55BC9-8547-4EAF-90AD-81337EE06CA1}.Release|x86.Build.0 = Release|x64
		{5F8B3F0D-A8E9-4B24-8EE6-CE68DD3094D0}.Debug|Any CPU.ActiveCfg = Debug|Any CPU
		{5F8B3F0D-A8E9-4B24-8EE6-CE68DD3094D0}.Debug|Any CPU.Build.0 = Debug|Any CPU
		{5F8B3F0D-A8E9-4B24-8EE6-CE68DD3094D0}.Debug|x64.ActiveCfg = Debug|Any CPU
		{5F8B3F0D-A8E9-4B24-8EE6-CE68DD3094D0}.Debug|x64.Build.0 = Debug|Any CPU
		{5F8B3F0D-A8E9-4B24-8EE6-CE68DD3094D0}.Debug|x86.ActiveCfg = Debug|Any CPU
		{5F8B3F0D-A8E9-4B24-8EE6-CE68DD3094D0}.Debug|x86.Build.0 = Debug|Any CPU
		{5F8B3F0D-A8E9-4B24-8EE6-CE68DD3094D0}.Release|Any CPU.ActiveCfg = Release|Any CPU
		{5F8B3F0D-A8E9-4B24-8EE6-CE68DD3094D0}.Release|Any CPU.Build.0 = Release|Any CPU
		{5F8B3F0D-A8E9-4B24-8EE6-CE68DD3094D0}.Release|x64.ActiveCfg = Release|Any CPU
		{5F8B3F0D-A8E9-4B24-8EE6-CE68DD3094D0}.Release|x64.Build.0 = Release|Any CPU
		{5F8B3F0D-A8E9-4B24-8EE6-CE68DD3094D0}.Release|x86.ActiveCfg = Release|Any CPU
		{5F8B3F0D-A8E9-4B24-8EE6-CE68DD3094D0}.Release|x86.Build.0 = Release|Any CPU
		{5EC0D1ED-F0F3-456E-BD66-28F9741923AB}.Debug|Any CPU.ActiveCfg = Debug|Any CPU
		{5EC0D1ED-F0F3-456E-BD66-28F9741923AB}.Debug|Any CPU.Build.0 = Debug|Any CPU
		{5EC0D1ED-F0F3-456E-BD66-28F9741923AB}.Debug|x64.ActiveCfg = Debug|Any CPU
		{5EC0D1ED-F0F3-456E-BD66-28F9741923AB}.Debug|x64.Build.0 = Debug|Any CPU
		{5EC0D1ED-F0F3-456E-BD66-28F9741923AB}.Debug|x86.ActiveCfg = Debug|Any CPU
		{5EC0D1ED-F0F3-456E-BD66-28F9741923AB}.Debug|x86.Build.0 = Debug|Any CPU
		{5EC0D1ED-F0F3-456E-BD66-28F9741923AB}.Release|Any CPU.ActiveCfg = Release|Any CPU
		{5EC0D1ED-F0F3-456E-BD66-28F9741923AB}.Release|Any CPU.Build.0 = Release|Any CPU
		{5EC0D1ED-F0F3-456E-BD66-28F9741923AB}.Release|x64.ActiveCfg = Release|Any CPU
		{5EC0D1ED-F0F3-456E-BD66-28F9741923AB}.Release|x64.Build.0 = Release|Any CPU
		{5EC0D1ED-F0F3-456E-BD66-28F9741923AB}.Release|x86.ActiveCfg = Release|Any CPU
		{5EC0D1ED-F0F3-456E-BD66-28F9741923AB}.Release|x86.Build.0 = Release|Any CPU
	EndGlobalSection
	GlobalSection(SolutionProperties) = preSolution
		HideSolutionNode = FALSE
	EndGlobalSection
EndGlobal
